// !$*UTF8*$!
{
	archiveVersion = 1;
	classes = {
	};
	objectVersion = 46;
	objects = {

/* Begin PBXBuildFile section */
		18DCF1AF1DC898C70047EC7F /* main.m in Sources */ = {isa = PBXBuildFile; fileRef = 18DCF1AE1DC898C70047EC7F /* main.m */; };
		18DCF1B21DC898C70047EC7F /* AppDelegate.m in Sources */ = {isa = PBXBuildFile; fileRef = 18DCF1B11DC898C70047EC7F /* AppDelegate.m */; };
		18DCF1B51DC898C70047EC7F /* ViewController.m in Sources */ = {isa = PBXBuildFile; fileRef = 18DCF1B41DC898C70047EC7F /* ViewController.m */; };
		18DCF1B81DC898C70047EC7F /* Main.storyboard in Resources */ = {isa = PBXBuildFile; fileRef = 18DCF1B61DC898C70047EC7F /* Main.storyboard */; };
		18DCF1BA1DC898C70047EC7F /* Assets.xcassets in Resources */ = {isa = PBXBuildFile; fileRef = 18DCF1B91DC898C70047EC7F /* Assets.xcassets */; };
		18DCF1BD1DC898C70047EC7F /* LaunchScreen.storyboard in Resources */ = {isa = PBXBuildFile; fileRef = 18DCF1BB1DC898C70047EC7F /* LaunchScreen.storyboard */; };
		18DCF1C81DC898C70047EC7F /* ChineseChessTests.m in Sources */ = {isa = PBXBuildFile; fileRef = 18DCF1C71DC898C70047EC7F /* ChineseChessTests.m */; };
		18DCF1D31DC898C80047EC7F /* ChineseChessUITests.m in Sources */ = {isa = PBXBuildFile; fileRef = 18DCF1D21DC898C80047EC7F /* ChineseChessUITests.m */; };
/* End PBXBuildFile section */

/* Begin PBXContainerItemProxy section */
		18DCF1C41DC898C70047EC7F /* PBXContainerItemProxy */ = {
			isa = PBXContainerItemProxy;
			containerPortal = 18DCF1A21DC898C70047EC7F /* Project object */;
			proxyType = 1;
			remoteGlobalIDString = 18DCF1A91DC898C70047EC7F;
			remoteInfo = ChineseChess;
		};
		18DCF1CF1DC898C80047EC7F /* PBXContainerItemProxy */ = {
			isa = PBXContainerItemProxy;
			containerPortal = 18DCF1A21DC898C70047EC7F /* Project object */;
			proxyType = 1;
			remoteGlobalIDString = 18DCF1A91DC898C70047EC7F;
			remoteInfo = ChineseChess;
		};
/* End PBXContainerItemProxy section */

/* Begin PBXFileReference section */
		18DCF1AA1DC898C70047EC7F /* ChineseChess.app */ = {isa = PBXFileReference; explicitFileType = wrapper.application; includeInIndex = 0; path = ChineseChess.app; sourceTree = BUILT_PRODUCTS_DIR; };
		18DCF1AE1DC898C70047EC7F /* main.m */ = {isa = PBXFileReference; lastKnownFileType = sourcecode.c.objc; path = main.m; sourceTree = "<group>"; };
		18DCF1B01DC898C70047EC7F /* AppDelegate.h */ = {isa = PBXFileReference; lastKnownFileType = sourcecode.c.h; path = AppDelegate.h; sourceTree = "<group>"; };
		18DCF1B11DC898C70047EC7F /* AppDelegate.m */ = {isa = PBXFileReference; lastKnownFileType = sourcecode.c.objc; path = AppDelegate.m; sourceTree = "<group>"; };
		18DCF1B31DC898C70047EC7F /* ViewController.h */ = {isa = PBXFileReference; lastKnownFileType = sourcecode.c.h; path = ViewController.h; sourceTree = "<group>"; };
		18DCF1B41DC898C70047EC7F /* ViewController.m */ = {isa = PBXFileReference; lastKnownFileType = sourcecode.c.objc; path = ViewController.m; sourceTree = "<group>"; };
		18DCF1B71DC898C70047EC7F /* Base */ = {isa = PBXFileReference; lastKnownFileType = file.storyboard; name = Base; path = Base.lproj/Main.storyboard; sourceTree = "<group>"; };
		18DCF1B91DC898C70047EC7F /* Assets.xcassets */ = {isa = PBXFileReference; lastKnownFileType = folder.assetcatalog; path = Assets.xcassets; sourceTree = "<group>"; };
		18DCF1BC1DC898C70047EC7F /* Base */ = {isa = PBXFileReference; lastKnownFileType = file.storyboard; name = Base; path = Base.lproj/LaunchScreen.storyboard; sourceTree = "<group>"; };
		18DCF1BE1DC898C70047EC7F /* Info.plist */ = {isa = PBXFileReference; lastKnownFileType = text.plist.xml; path = Info.plist; sourceTree = "<group>"; };
		18DCF1C31DC898C70047EC7F /* ChineseChessTests.xctest */ = {isa = PBXFileReference; explicitFileType = wrapper.cfbundle; includeInIndex = 0; path = ChineseChessTests.xctest; sourceTree = BUILT_PRODUCTS_DIR; };
		18DCF1C71DC898C70047EC7F /* ChineseChessTests.m */ = {isa = PBXFileReference; lastKnownFileType = sourcecode.c.objc; path = ChineseChessTests.m; sourceTree = "<group>"; };
		18DCF1C91DC898C70047EC7F /* Info.plist */ = {isa = PBXFileReference; lastKnownFileType = text.plist.xml; path = Info.plist; sourceTree = "<group>"; };
		18DCF1CE1DC898C70047EC7F /* ChineseChessUITests.xctest */ = {isa = PBXFileReference; explicitFileType = wrapper.cfbundle; includeInIndex = 0; path = ChineseChessUITests.xctest; sourceTree = BUILT_PRODUCTS_DIR; };
		18DCF1D21DC898C80047EC7F /* ChineseChessUITests.m */ = {isa = PBXFileReference; lastKnownFileType = sourcecode.c.objc; path = ChineseChessUITests.m; sourceTree = "<group>"; };
		18DCF1D41DC898C80047EC7F /* Info.plist */ = {isa = PBXFileReference; lastKnownFileType = text.plist.xml; path = Info.plist; sourceTree = "<group>"; };
/* End PBXFileReference section */

/* Begin PBXFrameworksBuildPhase section */
		18DCF1A71DC898C70047EC7F /* Frameworks */ = {
			isa = PBXFrameworksBuildPhase;
			buildActionMask = 2147483647;
			files = (
			);
			runOnlyForDeploymentPostprocessing = 0;
		};
		18DCF1C01DC898C70047EC7F /* Frameworks */ = {
			isa = PBXFrameworksBuildPhase;
			buildActionMask = 2147483647;
			files = (
			);
			runOnlyForDeploymentPostprocessing = 0;
		};
		18DCF1CB1DC898C70047EC7F /* Frameworks */ = {
			isa = PBXFrameworksBuildPhase;
			buildActionMask = 2147483647;
			files = (
			);
			runOnlyForDeploymentPostprocessing = 0;
		};
/* End PBXFrameworksBuildPhase section */

/* Begin PBXGroup section */
		18DCF1A11DC898C70047EC7F = {
			isa = PBXGroup;
			children = (
				18DCF1AC1DC898C70047EC7F /* ChineseChess */,
				18DCF1C61DC898C70047EC7F /* ChineseChessTests */,
				18DCF1D11DC898C80047EC7F /* ChineseChessUITests */,
				18DCF1AB1DC898C70047EC7F /* Products */,
			);
			sourceTree = "<group>";
		};
		18DCF1AB1DC898C70047EC7F /* Products */ = {
			isa = PBXGroup;
			children = (
				18DCF1AA1DC898C70047EC7F /* ChineseChess.app */,
				18DCF1C31DC898C70047EC7F /* ChineseChessTests.xctest */,
				18DCF1CE1DC898C70047EC7F /* ChineseChessUITests.xctest */,
			);
			name = Products;
			sourceTree = "<group>";
		};
		18DCF1AC1DC898C70047EC7F /* ChineseChess */ = {
			isa = PBXGroup;
			children = (
				18DCF1B01DC898C70047EC7F /* AppDelegate.h */,
				18DCF1B11DC898C70047EC7F /* AppDelegate.m */,
				18DCF1B31DC898C70047EC7F /* ViewController.h */,
				18DCF1B41DC898C70047EC7F /* ViewController.m */,
				18DCF1B61DC898C70047EC7F /* Main.storyboard */,
				18DCF1B91DC898C70047EC7F /* Assets.xcassets */,
				18DCF1BB1DC898C70047EC7F /* LaunchScreen.storyboard */,
				18DCF1BE1DC898C70047EC7F /* Info.plist */,
				18DCF1AD1DC898C70047EC7F /* Supporting Files */,
			);
			path = ChineseChess;
			sourceTree = "<group>";
		};
		18DCF1AD1DC898C70047EC7F /* Supporting Files */ = {
			isa = PBXGroup;
			children = (
				18DCF1AE1DC898C70047EC7F /* main.m */,
			);
			name = "Supporting Files";
			sourceTree = "<group>";
		};
		18DCF1C61DC898C70047EC7F /* ChineseChessTests */ = {
			isa = PBXGroup;
			children = (
				18DCF1C71DC898C70047EC7F /* ChineseChessTests.m */,
				18DCF1C91DC898C70047EC7F /* Info.plist */,
			);
			path = ChineseChessTests;
			sourceTree = "<group>";
		};
		18DCF1D11DC898C80047EC7F /* ChineseChessUITests */ = {
			isa = PBXGroup;
			children = (
				18DCF1D21DC898C80047EC7F /* ChineseChessUITests.m */,
				18DCF1D41DC898C80047EC7F /* Info.plist */,
			);
			path = ChineseChessUITests;
			sourceTree = "<group>";
		};
/* End PBXGroup section */

/* Begin PBXNativeTarget section */
		18DCF1A91DC898C70047EC7F /* ChineseChess */ = {
			isa = PBXNativeTarget;
			buildConfigurationList = 18DCF1D71DC898C80047EC7F /* Build configuration list for PBXNativeTarget "ChineseChess" */;
			buildPhases = (
				18DCF1A61DC898C70047EC7F /* Sources */,
				18DCF1A71DC898C70047EC7F /* Frameworks */,
				18DCF1A81DC898C70047EC7F /* Resources */,
			);
			buildRules = (
			);
			dependencies = (
			);
			name = ChineseChess;
			productName = ChineseChess;
			productReference = 18DCF1AA1DC898C70047EC7F /* ChineseChess.app */;
			productType = "com.apple.product-type.application";
		};
		18DCF1C21DC898C70047EC7F /* ChineseChessTests */ = {
			isa = PBXNativeTarget;
			buildConfigurationList = 18DCF1DA1DC898C80047EC7F /* Build configuration list for PBXNativeTarget "ChineseChessTests" */;
			buildPhases = (
				18DCF1BF1DC898C70047EC7F /* Sources */,
				18DCF1C01DC898C70047EC7F /* Frameworks */,
				18DCF1C11DC898C70047EC7F /* Resources */,
			);
			buildRules = (
			);
			dependencies = (
				18DCF1C51DC898C70047EC7F /* PBXTargetDependency */,
			);
			name = ChineseChessTests;
			productName = ChineseChessTests;
			productReference = 18DCF1C31DC898C70047EC7F /* ChineseChessTests.xctest */;
			productType = "com.apple.product-type.bundle.unit-test";
		};
		18DCF1CD1DC898C70047EC7F /* ChineseChessUITests */ = {
			isa = PBXNativeTarget;
			buildConfigurationList = 18DCF1DD1DC898C80047EC7F /* Build configuration list for PBXNativeTarget "ChineseChessUITests" */;
			buildPhases = (
				18DCF1CA1DC898C70047EC7F /* Sources */,
				18DCF1CB1DC898C70047EC7F /* Frameworks */,
				18DCF1CC1DC898C70047EC7F /* Resources */,
			);
			buildRules = (
			);
			dependencies = (
				18DCF1D01DC898C80047EC7F /* PBXTargetDependency */,
			);
			name = ChineseChessUITests;
			productName = ChineseChessUITests;
			productReference = 18DCF1CE1DC898C70047EC7F /* ChineseChessUITests.xctest */;
			productType = "com.apple.product-type.bundle.ui-testing";
		};
/* End PBXNativeTarget section */

/* Begin PBXProject section */
		18DCF1A21DC898C70047EC7F /* Project object */ = {
			isa = PBXProject;
			attributes = {
				LastUpgradeCheck = 0800;
				ORGANIZATIONNAME = apple;
				TargetAttributes = {
					18DCF1A91DC898C70047EC7F = {
						CreatedOnToolsVersion = 8.0;
						DevelopmentTeam = 686TP5D9Q7;
						ProvisioningStyle = Automatic;
					};
					18DCF1C21DC898C70047EC7F = {
						CreatedOnToolsVersion = 8.0;
						DevelopmentTeam = 686TP5D9Q7;
						ProvisioningStyle = Automatic;
						TestTargetID = 18DCF1A91DC898C70047EC7F;
					};
					18DCF1CD1DC898C70047EC7F = {
						CreatedOnToolsVersion = 8.0;
						DevelopmentTeam = 686TP5D9Q7;
						ProvisioningStyle = Automatic;
						TestTargetID = 18DCF1A91DC898C70047EC7F;
					};
				};
			};
			buildConfigurationList = 18DCF1A51DC898C70047EC7F /* Build configuration list for PBXProject "ChineseChess" */;
			compatibilityVersion = "Xcode 3.2";
			developmentRegion = English;
			hasScannedForEncodings = 0;
			knownRegions = (
				en,
				Base,
			);
			mainGroup = 18DCF1A11DC898C70047EC7F;
			productRefGroup = 18DCF1AB1DC898C70047EC7F /* Products */;
			projectDirPath = "";
			projectRoot = "";
			targets = (
				18DCF1A91DC898C70047EC7F /* ChineseChess */,
				18DCF1C21DC898C70047EC7F /* ChineseChessTests */,
				18DCF1CD1DC898C70047EC7F /* ChineseChessUITests */,
			);
		};
/* End PBXProject section */

/* Begin PBXResourcesBuildPhase section */
		18DCF1A81DC898C70047EC7F /* Resources */ = {
			isa = PBXResourcesBuildPhase;
			buildActionMask = 2147483647;
			files = (
				18DCF1BD1DC898C70047EC7F /* LaunchScreen.storyboard in Resources */,
				18DCF1BA1DC898C70047EC7F /* Assets.xcassets in Resources */,
				18DCF1B81DC898C70047EC7F /* Main.storyboard in Resources */,
			);
			runOnlyForDeploymentPostprocessing = 0;
		};
		18DCF1C11DC898C70047EC7F /* Resources */ = {
			isa = PBXResourcesBuildPhase;
			buildActionMask = 2147483647;
			files = (
			);
			runOnlyForDeploymentPostprocessing = 0;
		};
		18DCF1CC1DC898C70047EC7F /* Resources */ = {
			isa = PBXResourcesBuildPhase;
			buildActionMask = 2147483647;
			files = (
			);
			runOnlyForDeploymentPostprocessing = 0;
		};
/* End PBXResourcesBuildPhase section */

/* Begin PBXSourcesBuildPhase section */
		18DCF1A61DC898C70047EC7F /* Sources */ = {
			isa = PBXSourcesBuildPhase;
			buildActionMask = 2147483647;
			files = (
				18DCF1B51DC898C70047EC7F /* ViewController.m in Sources */,
				18DCF1B21DC898C70047EC7F /* AppDelegate.m in Sources */,
				18DCF1AF1DC898C70047EC7F /* main.m in Sources */,
			);
			runOnlyForDeploymentPostprocessing = 0;
		};
		18DCF1BF1DC898C70047EC7F /* Sources */ = {
			isa = PBXSourcesBuildPhase;
			buildActionMask = 2147483647;
			files = (
				18DCF1C81DC898C70047EC7F /* ChineseChessTests.m in Sources */,
			);
			runOnlyForDeploymentPostprocessing = 0;
		};
		18DCF1CA1DC898C70047EC7F /* Sources */ = {
			isa = PBXSourcesBuildPhase;
			buildActionMask = 2147483647;
			files = (
				18DCF1D31DC898C80047EC7F /* ChineseChessUITests.m in Sources */,
			);
			runOnlyForDeploymentPostprocessing = 0;
		};
/* End PBXSourcesBuildPhase section */

/* Begin PBXTargetDependency section */
		18DCF1C51DC898C70047EC7F /* PBXTargetDependency */ = {
			isa = PBXTargetDependency;
			target = 18DCF1A91DC898C70047EC7F /* ChineseChess */;
			targetProxy = 18DCF1C41DC898C70047EC7F /* PBXContainerItemProxy */;
		};
		18DCF1D01DC898C80047EC7F /* PBXTargetDependency */ = {
			isa = PBXTargetDependency;
			target = 18DCF1A91DC898C70047EC7F /* ChineseChess */;
			targetProxy = 18DCF1CF1DC898C80047EC7F /* PBXContainerItemProxy */;
		};
/* End PBXTargetDependency section */

/* Begin PBXVariantGroup section */
		18DCF1B61DC898C70047EC7F /* Main.storyboard */ = {
			isa = PBXVariantGroup;
			children = (
				18DCF1B71DC898C70047EC7F /* Base */,
			);
			name = Main.storyboard;
			sourceTree = "<group>";
		};
		18DCF1BB1DC898C70047EC7F /* LaunchScreen.storyboard */ = {
			isa = PBXVariantGroup;
			children = (
				18DCF1BC1DC898C70047EC7F /* Base */,
			);
			name = LaunchScreen.storyboard;
			sourceTree = "<group>";
		};
/* End PBXVariantGroup section */

/* Begin XCBuildConfiguration section */
		18DCF1D51DC898C80047EC7F /* Debug */ = {
			isa = XCBuildConfiguration;
			buildSettings = {
				ALWAYS_SEARCH_USER_PATHS = NO;
				CLANG_ANALYZER_NONNULL = YES;
				CLANG_CXX_LANGUAGE_STANDARD = "gnu++0x";
				CLANG_CXX_LIBRARY = "libc++";
				CLANG_ENABLE_MODULES = YES;
				CLANG_ENABLE_OBJC_ARC = YES;
				CLANG_WARN_BOOL_CONVERSION = YES;
				CLANG_WARN_CONSTANT_CONVERSION = YES;
				CLANG_WARN_DIRECT_OBJC_ISA_USAGE = YES_ERROR;
				CLANG_WARN_DOCUMENTATION_COMMENTS = YES;
				CLANG_WARN_EMPTY_BODY = YES;
				CLANG_WARN_ENUM_CONVERSION = YES;
				CLANG_WARN_INFINITE_RECURSION = YES;
				CLANG_WARN_INT_CONVERSION = YES;
				CLANG_WARN_OBJC_ROOT_CLASS = YES_ERROR;
				CLANG_WARN_SUSPICIOUS_MOVES = YES;
				CLANG_WARN_UNREACHABLE_CODE = YES;
				CLANG_WARN__DUPLICATE_METHOD_MATCH = YES;
				"CODE_SIGN_IDENTITY[sdk=iphoneos*]" = "iPhone Developer";
				COPY_PHASE_STRIP = NO;
				DEBUG_INFORMATION_FORMAT = dwarf;
				ENABLE_STRICT_OBJC_MSGSEND = YES;
				ENABLE_TESTABILITY = YES;
				GCC_C_LANGUAGE_STANDARD = gnu99;
				GCC_DYNAMIC_NO_PIC = NO;
				GCC_NO_COMMON_BLOCKS = YES;
				GCC_OPTIMIZATION_LEVEL = 0;
				GCC_PREPROCESSOR_DEFINITIONS = (
					"DEBUG=1",
					"$(inherited)",
				);
				GCC_WARN_64_TO_32_BIT_CONVERSION = YES;
				GCC_WARN_ABOUT_RETURN_TYPE = YES_ERROR;
				GCC_WARN_UNDECLARED_SELECTOR = YES;
				GCC_WARN_UNINITIALIZED_AUTOS = YES_AGGRESSIVE;
				GCC_WARN_UNUSED_FUNCTION = YES;
				GCC_WARN_UNUSED_VARIABLE = YES;
				IPHONEOS_DEPLOYMENT_TARGET = 10.0;
				MTL_ENABLE_DEBUG_INFO = YES;
				ONLY_ACTIVE_ARCH = YES;
				SDKROOT = iphoneos;
				TARGETED_DEVICE_FAMILY = "1,2";
			};
			name = Debug;
		};
		18DCF1D61DC898C80047EC7F /* Release */ = {
			isa = XCBuildConfiguration;
			buildSettings = {
				ALWAYS_SEARCH_USER_PATHS = NO;
				CLANG_ANALYZER_NONNULL = YES;
				CLANG_CXX_LANGUAGE_STANDARD = "gnu++0x";
				CLANG_CXX_LIBRARY = "libc++";
				CLANG_ENABLE_MODULES = YES;
				CLANG_ENABLE_OBJC_ARC = YES;
				CLANG_WARN_BOOL_CONVERSION = YES;
				CLANG_WARN_CONSTANT_CONVERSION = YES;
				CLANG_WARN_DIRECT_OBJC_ISA_USAGE = YES_ERROR;
				CLANG_WARN_DOCUMENTATION_COMMENTS = YES;
				CLANG_WARN_EMPTY_BODY = YES;
				CLANG_WARN_ENUM_CONVERSION = YES;
				CLANG_WARN_INFINITE_RECURSION = YES;
				CLANG_WARN_INT_CONVERSION = YES;
				CLANG_WARN_OBJC_ROOT_CLASS = YES_ERROR;
				CLANG_WARN_SUSPICIOUS_MOVES = YES;
				CLANG_WARN_UNREACHABLE_CODE = YES;
				CLANG_WARN__DUPLICATE_METHOD_MATCH = YES;
				"CODE_SIGN_IDENTITY[sdk=iphoneos*]" = "iPhone Developer";
				COPY_PHASE_STRIP = NO;
				DEBUG_INFORMATION_FORMAT = "dwarf-with-dsym";
				ENABLE_NS_ASSERTIONS = NO;
				ENABLE_STRICT_OBJC_MSGSEND = YES;
				GCC_C_LANGUAGE_STANDARD = gnu99;
				GCC_NO_COMMON_BLOCKS = YES;
				GCC_WARN_64_TO_32_BIT_CONVERSION = YES;
				GCC_WARN_ABOUT_RETURN_TYPE = YES_ERROR;
				GCC_WARN_UNDECLARED_SELECTOR = YES;
				GCC_WARN_UNINITIALIZED_AUTOS = YES_AGGRESSIVE;
				GCC_WARN_UNUSED_FUNCTION = YES;
				GCC_WARN_UNUSED_VARIABLE = YES;
				IPHONEOS_DEPLOYMENT_TARGET = 10.0;
				MTL_ENABLE_DEBUG_INFO = NO;
				SDKROOT = iphoneos;
				TARGETED_DEVICE_FAMILY = "1,2";
				VALIDATE_PRODUCT = YES;
			};
			name = Release;
		};
		18DCF1D81DC898C80047EC7F /* Debug */ = {
			isa = XCBuildConfiguration;
			buildSettings = {
				ASSETCATALOG_COMPILER_APPICON_NAME = AppIcon;
				DEVELOPMENT_TEAM = 686TP5D9Q7;
				INFOPLIST_FILE = ChineseChess/Info.plist;
				LD_RUNPATH_SEARCH_PATHS = "$(inherited) @executable_path/Frameworks";
				PRODUCT_BUNDLE_IDENTIFIER = com.BigShow1949.ChineseChess;
				PRODUCT_NAME = "$(TARGET_NAME)";
			};
			name = Debug;
		};
		18DCF1D91DC898C80047EC7F /* Release */ = {
			isa = XCBuildConfiguration;
			buildSettings = {
				ASSETCATALOG_COMPILER_APPICON_NAME = AppIcon;
				DEVELOPMENT_TEAM = 686TP5D9Q7;
				INFOPLIST_FILE = ChineseChess/Info.plist;
				LD_RUNPATH_SEARCH_PATHS = "$(inherited) @executable_path/Frameworks";
				PRODUCT_BUNDLE_IDENTIFIER = com.BigShow1949.ChineseChess;
				PRODUCT_NAME = "$(TARGET_NAME)";
			};
			name = Release;
		};
		18DCF1DB1DC898C80047EC7F /* Debug */ = {
			isa = XCBuildConfiguration;
			buildSettings = {
				BUNDLE_LOADER = "$(TEST_HOST)";
				DEVELOPMENT_TEAM = 686TP5D9Q7;
				INFOPLIST_FILE = ChineseChessTests/Info.plist;
				LD_RUNPATH_SEARCH_PATHS = "$(inherited) @executable_path/Frameworks @loader_path/Frameworks";
				PRODUCT_BUNDLE_IDENTIFIER = com.BigShow1949.ChineseChessTests;
				PRODUCT_NAME = "$(TARGET_NAME)";
				TEST_HOST = "$(BUILT_PRODUCTS_DIR)/ChineseChess.app/ChineseChess";
			};
			name = Debug;
		};
		18DCF1DC1DC898C80047EC7F /* Release */ = {
			isa = XCBuildConfiguration;
			buildSettings = {
				BUNDLE_LOADER = "$(TEST_HOST)";
				DEVELOPMENT_TEAM = 686TP5D9Q7;
				INFOPLIST_FILE = ChineseChessTests/Info.plist;
				LD_RUNPATH_SEARCH_PATHS = "$(inherited) @executable_path/Frameworks @loader_path/Frameworks";
				PRODUCT_BUNDLE_IDENTIFIER = com.BigShow1949.ChineseChessTests;
				PRODUCT_NAME = "$(TARGET_NAME)";
				TEST_HOST = "$(BUILT_PRODUCTS_DIR)/ChineseChess.app/ChineseChess";
			};
			name = Release;
		};
		18DCF1DE1DC898C80047EC7F /* Debug */ = {
			isa = XCBuildConfiguration;
			buildSettings = {
				DEVELOPMENT_TEAM = 686TP5D9Q7;
				INFOPLIST_FILE = ChineseChessUITests/Info.plist;
				LD_RUNPATH_SEARCH_PATHS = "$(inherited) @executable_path/Frameworks @loader_path/Frameworks";
				PRODUCT_BUNDLE_IDENTIFIER = com.BigShow1949.ChineseChessUITests;
				PRODUCT_NAME = "$(TARGET_NAME)";
				TEST_TARGET_NAME = ChineseChess;
			};
			name = Debug;
		};
		18DCF1DF1DC898C80047EC7F /* Release */ = {
			isa = XCBuildConfiguration;
			buildSettings = {
				DEVELOPMENT_TEAM = 686TP5D9Q7;
				INFOPLIST_FILE = ChineseChessUITests/Info.plist;
				LD_RUNPATH_SEARCH_PATHS = "$(inherited) @executable_path/Frameworks @loader_path/Frameworks";
				PRODUCT_BUNDLE_IDENTIFIER = com.BigShow1949.ChineseChessUITests;
				PRODUCT_NAME = "$(TARGET_NAME)";
				TEST_TARGET_NAME = ChineseChess;
			};
			name = Release;
		};
/* End XCBuildConfiguration section */

/* Begin XCConfigurationList section */
		18DCF1A51DC898C70047EC7F /* Build configuration list for PBXProject "ChineseChess" */ = {
			isa = XCConfigurationList;
			buildConfigurations = (
				18DCF1D51DC898C80047EC7F /* Debug */,
				18DCF1D61DC898C80047EC7F /* Release */,
			);
			defaultConfigurationIsVisible = 0;
			defaultConfigurationName = Release;
		};
		18DCF1D71DC898C80047EC7F /* Build configuration list for PBXNativeTarget "ChineseChess" */ = {
			isa = XCConfigurationList;
			buildConfigurations = (
				18DCF1D81DC898C80047EC7F /* Debug */,
				18DCF1D91DC898C80047EC7F /* Release */,
			);
			defaultConfigurationIsVisible = 0;
		};
		18DCF1DA1DC898C80047EC7F /* Build configuration list for PBXNativeTarget "ChineseChessTests" */ = {
			isa = XCConfigurationList;
			buildConfigurations = (
				18DCF1DB1DC898C80047EC7F /* Debug */,
				18DCF1DC1DC898C80047EC7F /* Release */,
			);
			defaultConfigurationIsVisible = 0;
		};
		18DCF1DD1DC898C80047EC7F /* Build configuration list for PBXNativeTarget "ChineseChessUITests" */ = {
			isa = XCConfigurationList;
			buildConfigurations = (
				18DCF1DE1DC898C80047EC7F /* Debug */,
				18DCF1DF1DC898C80047EC7F /* Release */,
			);
			defaultConfigurationIsVisible = 0;
		};
/* End XCConfigurationList section */
	};
	rootObject = 18DCF1A21DC898C70047EC7F /* Project object */;
}
